{
  "requires": true,
  "lockfileVersion": 1,
  "dependencies": {
    "@vue/devtools-api": {
      "version": "6.0.13",
      "resolved": "https://registry.npmjs.org/@vue/devtools-api/-/devtools-api-6.0.13.tgz",
      "integrity": "sha512-T34EjcArVqzANedEZe2kXQ+AZsld2z1ptJlkOGm87+blk+s6udnP4ze/NYqV8lz1o9AIivimN0xxteLlWiWQdg=="
    },
    "vue-router": {
      "version": "4.0.14",
      "resolved": "https://registry.npmjs.org/vue-router/-/vue-router-4.0.14.tgz",
      "integrity": "sha512-wAO6zF9zxA3u+7AkMPqw9LjoUCjSxfFvINQj3E/DceTt6uEz1XZLraDhdg2EYmvVwTBSGlLYsUw8bDmx0754Mw==",
      "requires": {
        "@vue/devtools-api": "6.0.13"
      }
    }
  }
}
